
Microsoft Visual Studio Solution File, Format Version 12.00
# Visual Studio Version 17
VisualStudioVersion = 17.9.34701.34
MinimumVisualStudioVersion = 10.0.40219.1
Project("{2150E333-8FDC-42A3-9474-1A3956D46DE8}") = "Core", "Core", "{88A521AB-0B99-46CB-9CA1-63B36543D15F}"
EndProject
Project("{2150E333-8FDC-42A3-9474-1A3956D46DE8}") = "Infrastracture", "Infrastracture", "{C80B3967-8D1B-4BBD-A64A-409FAA48BC41}"
EndProject
Project("{9A19103F-16F7-4668-BE54-9A1E7A4F7556}") = "Application", "Application\Application.csproj", "{9768560C-DFAB-4A32-8F99-9FBE7EDD1054}"
EndProject
Project("{9A19103F-16F7-4668-BE54-9A1E7A4F7556}") = "Domain", "Domain\Domain.csproj", "{813140C3-E4F6-4F66-A484-5A32E69E0A51}"
EndProject
Project("{9A19103F-16F7-4668-BE54-9A1E7A4F7556}") = "Infrastracture", "Infrastracture\Infrastracture.csproj", "{70F3914C-BB07-4796-9F08-B20366E82696}"
EndProject
Project("{2150E333-8FDC-42A3-9474-1A3956D46DE8}") = "Presentation", "Presentation", "{28EB8C28-C37B-4469-B707-4ECF8A9DFA65}"
EndProject
Project("{9A19103F-16F7-4668-BE54-9A1E7A4F7556}") = "Persistance", "Persistance\Persistance.csproj", "{05A92596-4539-423D-A292-A4A1FFD2EBA5}"
EndProject
Project("{FAE04EC0-301F-11D3-BF4B-00C04F79EFBC}") = "API", "API\API.csproj", "{F7EDAFD4-BA81-458D-8854-A8D44DE160A8}"
EndProject
Global
	GlobalSection(SolutionConfigurationPlatforms) = preSolution
		Debug|Any CPU = Debug|Any CPU
		Release|Any CPU = Release|Any CPU
	EndGlobalSection
	GlobalSection(ProjectConfigurationPlatforms) = postSolution
		{9768560C-DFAB-4A32-8F99-9FBE7EDD1054}.Debug|Any CPU.ActiveCfg = Debug|Any CPU
		{9768560C-DFAB-4A32-8F99-9FBE7EDD1054}.Debug|Any CPU.Build.0 = Debug|Any CPU
		{9768560C-DFAB-4A32-8F99-9FBE7EDD1054}.Release|Any CPU.ActiveCfg = Release|Any CPU
		{9768560C-DFAB-4A32-8F99-9FBE7EDD1054}.Release|Any CPU.Build.0 = Release|Any CPU
		{813140C3-E4F6-4F66-A484-5A32E69E0A51}.Debug|Any CPU.ActiveCfg = Debug|Any CPU
		{813140C3-E4F6-4F66-A484-5A32E69E0A51}.Debug|Any CPU.Build.0 = Debug|Any CPU
		{813140C3-E4F6-4F66-A484-5A32E69E0A51}.Release|Any CPU.ActiveCfg = Release|Any CPU
		{813140C3-E4F6-4F66-A484-5A32E69E0A51}.Release|Any CPU.Build.0 = Release|Any CPU
		{70F3914C-BB07-4796-9F08-B20366E82696}.Debug|Any CPU.ActiveCfg = Debug|Any CPU
		{70F3914C-BB07-4796-9F08-B20366E82696}.Debug|Any CPU.Build.0 = Debug|Any CPU
		{70F3914C-BB07-4796-9F08-B20366E82696}.Release|Any CPU.ActiveCfg = Release|Any CPU
		{70F3914C-BB07-4796-9F08-B20366E82696}.Release|Any CPU.Build.0 = Release|Any CPU
		{05A92596-4539-423D-A292-A4A1FFD2EBA5}.Debug|Any CPU.ActiveCfg = Debug|Any CPU
		{05A92596-4539-423D-A292-A4A1FFD2EBA5}.Debug|Any CPU.Build.0 = Debug|Any CPU
		{05A92596-4539-423D-A292-A4A1FFD2EBA5}.Release|Any CPU.ActiveCfg = Release|Any CPU
		{05A92596-4539-423D-A292-A4A1FFD2EBA5}.Release|Any CPU.Build.0 = Release|Any CPU
		{F7EDAFD4-BA81-458D-8854-A8D44DE160A8}.Debug|Any CPU.ActiveCfg = Debug|Any CPU
		{F7EDAFD4-BA81-458D-8854-A8D44DE160A8}.Debug|Any CPU.Build.0 = Debug|Any CPU
		{F7EDAFD4-BA81-458D-8854-A8D44DE160A8}.Release|Any CPU.ActiveCfg = Release|Any CPU
		{F7EDAFD4-BA81-458D-8854-A8D44DE160A8}.Release|Any CPU.Build.0 = Release|Any CPU
	EndGlobalSection
	GlobalSection(SolutionProperties) = preSolution
		HideSolutionNode = FALSE
	EndGlobalSection
	GlobalSection(NestedProjects) = preSolution
		{9768560C-DFAB-4A32-8F99-9FBE7EDD1054} = {88A521AB-0B99-46CB-9CA1-63B36543D15F}
		{813140C3-E4F6-4F66-A484-5A32E69E0A51} = {88A521AB-0B99-46CB-9CA1-63B36543D15F}
		{70F3914C-BB07-4796-9F08-B20366E82696} = {C80B3967-8D1B-4BBD-A64A-409FAA48BC41}
		{05A92596-4539-423D-A292-A4A1FFD2EBA5} = {C80B3967-8D1B-4BBD-A64A-409FAA48BC41}
		{F7EDAFD4-BA81-458D-8854-A8D44DE160A8} = {28EB8C28-C37B-4469-B707-4ECF8A9DFA65}
	EndGlobalSection
	GlobalSection(ExtensibilityGlobals) = postSolution
		SolutionGuid = {8DD666DC-79FF-48DB-B4DE-23195CD141EF}
	EndGlobalSection
EndGlobal
